{
  "object": {
    "pins": [
      {
        "package": "AnyCodable",
        "repositoryURL": "https://github.com/Flight-School/AnyCodable.git",
        "state": {
          "branch": null,
          "revision": "79b05a5da89557a4fa50647cc92488a3d9c3f478",
          "version": "0.3.0"
        }
      },
      {
        "package": "async-http-client",
        "repositoryURL": "https://github.com/swift-server/async-http-client.git",
        "state": {
          "branch": null,
          "revision": "c9a9bf061d713c91ee9974fa8a6afe413acfd0e9",
          "version": "1.2.0"
        }
      },
      {
        "package": "async-kit",
        "repositoryURL": "https://github.com/vapor/async-kit.git",
        "state": {
          "branch": null,
          "revision": "7457413e57dbfac762b32dd30c1caf2c55a02a3d",
          "version": "1.2.0"
        }
      },
      {
        "package": "console-kit",
        "repositoryURL": "https://github.com/vapor/console-kit.git",
        "state": {
          "branch": null,
          "revision": "7cf8185ad62d50ae9777ce78bcfde8f5c9f900e2",
          "version": "4.2.1"
        }
      },
      {
        "package": "Git",
        "repositoryURL": "https://github.com/SwiftDocOrg/Git.git",
        "state": {
          "branch": null,
          "revision": "f3b37c3ccf0a1559d4097e2eeb883801c4b8f510",
          "version": null
        }
      },
      {
        "package": "queues",
        "repositoryURL": "https://github.com/vapor/queues.git",
        "state": {
          "branch": null,
          "revision": "649737c904b20d14bfbfaf35e38a3a106ddf75e3",
          "version": "1.4.0"
        }
      },
      {
        "package": "queues-redis-driver",
        "repositoryURL": "https://github.com/vapor/queues-redis-driver.git",
        "state": {
          "branch": null,
          "revision": "2212b5daf46a35de6da1ea91af2e0cc927247ccb",
          "version": "1.0.0-rc.3"
        }
      },
      {
        "package": "redis-kit",
        "repositoryURL": "https://github.com/vapor/redis-kit.git",
        "state": {
          "branch": null,
          "revision": "9ef8f9dc472d022c4e94e5388ccf3c87ad83e2cb",
          "version": "1.0.0-beta.5"
        }
      },
      {
        "package": "RediStack",
        "repositoryURL": "https://gitlab.com/mordil/RediStack.git",
        "state": {
          "branch": null,
          "revision": "8b75ef7f0e3cb82c69f2e2b47ea8f49e7d4e2ca9",
          "version": "1.0.0-alpha.10"
        }
      },
      {
        "package": "routing-kit",
        "repositoryURL": "https://github.com/vapor/routing-kit.git",
        "state": {
          "branch": null,
          "revision": "4cf052b78aebaf1b23f2264ce04d57b4b6eb5254",
          "version": "4.2.0"
        }
      },
      {
        "package": "swift-argument-parser",
        "repositoryURL": "https://github.com/apple/swift-argument-parser.git",
        "state": {
          "branch": null,
          "revision": "92646c0cdbaca076c8d3d0207891785b3379cbff",
          "version": "0.3.1"
        }
      },
      {
        "package": "swift-backtrace",
        "repositoryURL": "https://github.com/swift-server/swift-backtrace.git",
        "state": {
          "branch": null,
          "revision": "f2fd8c4845a123419c348e0bc4b3839c414077d5",
          "version": "1.2.0"
        }
      },
      {
        "package": "swift-crypto",
        "repositoryURL": "https://github.com/apple/swift-crypto.git",
        "state": {
          "branch": null,
          "revision": "9b9d1868601a199334da5d14f4ab2d37d4f8d0c5",
          "version": "1.0.2"
        }
      },
      {
        "package": "swift-log",
        "repositoryURL": "https://github.com/apple/swift-log.git",
        "state": {
          "branch": null,
          "revision": "173f567a2dfec11d74588eea82cecea555bdc0bc",
          "version": "1.4.0"
        }
      },
      {
        "package": "swift-metrics",
        "repositoryURL": "https://github.com/apple/swift-metrics.git",
        "state": {
          "branch": null,
          "revision": "708b960b4605abb20bc55d65abf6bad607252200",
          "version": "2.0.0"
        }
      },
      {
        "package": "swift-nio",
        "repositoryURL": "https://github.com/apple/swift-nio.git",
        "state": {
          "branch": null,
          "revision": "acf5465b5e7fb9aeda54a34d16fb44c31a399715",
          "version": "2.20.2"
        }
      },
      {
        "package": "swift-nio-extras",
        "repositoryURL": "https://github.com/apple/swift-nio-extras.git",
        "state": {
          "branch": null,
          "revision": "d525d3bbd1321fa928948065fd9a8dc109d5d45b",
          "version": "1.6.0"
        }
      },
      {
        "package": "swift-nio-http2",
        "repositoryURL": "https://github.com/apple/swift-nio-http2.git",
        "state": {
          "branch": null,
          "revision": "e9627350bdb85bde7e0dc69a29799e40961ced72",
          "version": "1.13.0"
        }
      },
      {
        "package": "swift-nio-ssl",
        "repositoryURL": "https://github.com/apple/swift-nio-ssl.git",
        "state": {
          "branch": null,
          "revision": "8a137b72a9339f295bc8bb95cd2fafe207f1df0d",
          "version": "2.9.0"
        }
      },
      {
        "package": "swift-nio-transport-services",
        "repositoryURL": "https://github.com/apple/swift-nio-transport-services.git",
        "state": {
          "branch": null,
          "revision": "d40a5e34e5b35f4f961cb34aeb2e0a02f42a945f",
          "version": "1.8.0"
        }
      },
      {
        "package": "vapor",
        "repositoryURL": "https://github.com/vapor/vapor.git",
        "state": {
          "branch": null,
          "revision": "c4861a4bf1a254280d402a66d4751d1a150e0ade",
          "version": "4.27.2"
        }
      },
      {
        "package": "websocket-kit",
        "repositoryURL": "https://github.com/vapor/websocket-kit.git",
        "state": {
          "branch": null,
          "revision": "b0736014be634475dac4c23843811257d86dcdc1",
          "version": "2.1.1"
        }
      },
      {
        "package": "ZIPFoundation",
        "repositoryURL": "https://github.com/weichsel/ZIPFoundation.git",
        "state": {
          "branch": null,
          "revision": "ec32d62d412578542c0ffb7a6ce34d3e64b43b94",
          "version": "0.9.11"
        }
      }
    ]
  },
  "version": 1
}
